{
  "version": 4,
  "terraform_version": "0.12.20",
  "serial": 28,
  "lineage": "af84e6a3-9baa-bbd5-17e9-129748b3ee49",
  "outputs": {
    "instance_ip": {
      "value": "34.242.3.180",
      "type": "string"
    }
  },
  "resources": [
    {
      "module": "module.infra",
      "mode": "data",
      "type": "aws_ami",
      "name": "ami",
      "provider": "provider.aws",
      "instances": [
        {
          "schema_version": 0,
          "attributes": {
            "architecture": "x86_64",
            "block_device_mappings": [
              {
                "device_name": "/dev/sda1",
                "ebs": {
                  "delete_on_termination": "true",
                  "encrypted": "false",
                  "iops": "0",
                  "snapshot_id": "snap-00b11c087234bf535",
                  "volume_size": "8",
                  "volume_type": "gp2"
                },
                "no_device": "",
                "virtual_name": ""
              },
              {
                "device_name": "/dev/sdb",
                "ebs": {},
                "no_device": "",
                "virtual_name": "ephemeral0"
              },
              {
                "device_name": "/dev/sdc",
                "ebs": {},
                "no_device": "",
                "virtual_name": "ephemeral1"
              }
            ],
            "creation_date": "2020-01-15T00:31:15.000Z",
            "description": "Canonical, Ubuntu, 18.04 LTS, amd64 bionic image build on 2020-01-12",
            "executable_users": null,
            "filter": [
              {
                "name": "name",
                "values": [
                  "ubuntu/images/hvm-ssd/ubuntu-bionic-18.04-amd64-server-*"
                ]
              },
              {
                "name": "virtualization-type",
                "values": [
                  "hvm"
                ]
              }
            ],
            "hypervisor": "xen",
            "id": "ami-035966e8adab4aaad",
            "image_id": "ami-035966e8adab4aaad",
            "image_location": "099720109477/ubuntu/images/hvm-ssd/ubuntu-bionic-18.04-amd64-server-20200112",
            "image_owner_alias": null,
            "image_type": "machine",
            "kernel_id": null,
            "most_recent": true,
            "name": "ubuntu/images/hvm-ssd/ubuntu-bionic-18.04-amd64-server-20200112",
            "name_regex": null,
            "owner_id": "099720109477",
            "owners": [
              "099720109477"
            ],
            "platform": null,
            "product_codes": [],
            "public": true,
            "ramdisk_id": null,
            "root_device_name": "/dev/sda1",
            "root_device_type": "ebs",
            "root_snapshot_id": "snap-00b11c087234bf535",
            "sriov_net_support": "simple",
            "state": "available",
            "state_reason": {
              "code": "UNSET",
              "message": "UNSET"
            },
            "tags": {},
            "virtualization_type": "hvm"
          }
        }
      ]
    },
    {
      "module": "module.infra",
      "mode": "data",
      "type": "aws_subnet_ids",
      "name": "all",
      "provider": "provider.aws",
      "instances": [
        {
          "schema_version": 0,
          "attributes": {
            "filter": null,
            "id": "vpc-49e3ed2f",
            "ids": [
              "subnet-1b26a341",
              "subnet-a8443fce",
              "subnet-d70c469f"
            ],
            "tags": null,
            "vpc_id": "vpc-49e3ed2f"
          }
        }
      ]
    },
    {
      "module": "module.infra",
      "mode": "data",
      "type": "aws_vpc",
      "name": "default",
      "provider": "provider.aws",
      "instances": [
        {
          "schema_version": 0,
          "attributes": {
            "arn": "arn:aws:ec2:eu-west-1:580951440591:vpc/vpc-49e3ed2f",
            "cidr_block": "172.31.0.0/16",
            "cidr_block_associations": [
              {
                "association_id": "vpc-cidr-assoc-c8fccaa3",
                "cidr_block": "172.31.0.0/16",
                "state": "associated"
              }
            ],
            "default": true,
            "dhcp_options_id": "dopt-e4374f82",
            "enable_dns_hostnames": true,
            "enable_dns_support": true,
            "filter": null,
            "id": "vpc-49e3ed2f",
            "instance_tenancy": "default",
            "ipv6_association_id": null,
            "ipv6_cidr_block": null,
            "main_route_table_id": "rtb-b03505c9",
            "owner_id": "580951440591",
            "state": "available",
            "tags": {}
          }
        }
      ]
    },
    {
      "module": "module.infra",
      "mode": "managed",
      "type": "aws_iam_instance_profile",
      "name": "instance_profile",
      "provider": "provider.aws",
      "instances": [
        {
          "schema_version": 0,
          "attributes": {
            "arn": "arn:aws:iam::580951440591:instance-profile/instance_profile",
            "create_date": "2020-01-24T09:41:52Z",
            "id": "instance_profile",
            "name": "instance_profile",
            "name_prefix": null,
            "path": "/",
            "role": "ec2_instance_role",
            "roles": [
              "ec2_instance_role"
            ],
            "unique_id": "AIPAYOQ3HPTHS5BFEYY5T"
          },
          "private": "bnVsbA==",
          "dependencies": [
            "module.infra.aws_iam_role.instance_role"
          ]
        }
      ]
    },
    {
      "module": "module.infra",
      "mode": "managed",
      "type": "aws_iam_role",
      "name": "instance_role",
      "provider": "provider.aws",
      "instances": [
        {
          "schema_version": 0,
          "attributes": {
            "arn": "arn:aws:iam::580951440591:role/ec2_instance_role",
            "assume_role_policy": "{\"Version\":\"2012-10-17\",\"Statement\":[{\"Sid\":\"ec2\",\"Effect\":\"Allow\",\"Principal\":{\"Service\":\"ec2.amazonaws.com\"},\"Action\":\"sts:AssumeRole\"}]}",
            "create_date": "2020-01-24T09:41:51Z",
            "description": "",
            "force_detach_policies": false,
            "id": "ec2_instance_role",
            "max_session_duration": 3600,
            "name": "ec2_instance_role",
            "name_prefix": null,
            "path": "/",
            "permissions_boundary": null,
            "tags": {},
            "unique_id": "AROAYOQ3HPTHWESOFLCWO"
          },
          "private": "bnVsbA=="
        }
      ]
    },
    {
      "module": "module.infra",
      "mode": "managed",
      "type": "aws_iam_role_policy",
      "name": "test_policy",
      "provider": "provider.aws",
      "instances": [
        {
          "schema_version": 0,
          "attributes": {
            "id": "ec2_instance_role:test_policy",
            "name": "test_policy",
            "name_prefix": null,
            "policy": "{\n  \"Version\": \"2012-10-17\",\n  \"Statement\": [\n    {\n      \"Action\": [\n        \"*\"\n      ],\n      \"Effect\": \"Allow\",\n      \"Resource\": \"*\"\n    }\n  ]\n}\n",
            "role": "ec2_instance_role"
          },
          "private": "bnVsbA==",
          "dependencies": [
            "module.infra.aws_iam_role.instance_role"
          ]
        }
      ]
    },
    {
      "module": "module.infra",
      "mode": "managed",
      "type": "aws_instance",
      "name": "ec2_instance",
      "provider": "provider.aws",
      "instances": [
        {
          "schema_version": 1,
          "attributes": {
            "ami": "ami-035966e8adab4aaad",
            "arn": "arn:aws:ec2:eu-west-1:580951440591:instance/i-033fd63b30c7fee88",
            "associate_public_ip_address": true,
            "availability_zone": "eu-west-1a",
            "cpu_core_count": 2,
            "cpu_threads_per_core": 1,
            "credit_specification": [
              {
                "cpu_credits": "standard"
              }
            ],
            "disable_api_termination": false,
            "ebs_block_device": [],
            "ebs_optimized": false,
            "ephemeral_block_device": [],
            "get_password_data": false,
            "host_id": null,
            "iam_instance_profile": "instance_profile",
            "id": "i-033fd63b30c7fee88",
            "instance_initiated_shutdown_behavior": null,
            "instance_state": "running",
            "instance_type": "t2.medium",
            "ipv6_address_count": 0,
            "ipv6_addresses": [],
            "key_name": "instance_pub_key",
            "monitoring": false,
            "network_interface": [],
            "network_interface_id": null,
            "password_data": "",
            "placement_group": "",
            "primary_network_interface_id": "eni-074ae430e7024d52e",
            "private_dns": "ip-172-31-32-98.eu-west-1.compute.internal",
            "private_ip": "172.31.32.98",
            "public_dns": "ec2-34-242-3-180.eu-west-1.compute.amazonaws.com",
            "public_ip": "34.242.3.180",
            "root_block_device": [
              {
                "delete_on_termination": true,
                "encrypted": false,
                "iops": 100,
                "kms_key_id": "",
                "volume_id": "vol-0a2dca0a083ea2462",
                "volume_size": 8,
                "volume_type": "gp2"
              }
            ],
            "security_groups": [
              "dev20200124094151380700000001"
            ],
            "source_dest_check": true,
            "subnet_id": "subnet-1b26a341",
            "tags": null,
            "tenancy": "default",
            "timeouts": null,
            "user_data": null,
            "user_data_base64": null,
            "volume_tags": {},
            "vpc_security_group_ids": [
              "sg-0cef0c0d1260540b3"
            ]
          },
          "private": "eyJlMmJmYjczMC1lY2FhLTExZTYtOGY4OC0zNDM2M2JjN2M0YzAiOnsiY3JlYXRlIjo2MDAwMDAwMDAwMDAsImRlbGV0ZSI6MTIwMDAwMDAwMDAwMCwidXBkYXRlIjo2MDAwMDAwMDAwMDB9LCJzY2hlbWFfdmVyc2lvbiI6IjEifQ==",
          "dependencies": [
            "module.infra.aws_iam_instance_profile.instance_profile",
            "module.infra.aws_key_pair.ec2_key",
            "module.infra.aws_security_group.instance"
          ]
        }
      ]
    },
    {
      "module": "module.infra",
      "mode": "managed",
      "type": "aws_key_pair",
      "name": "ec2_key",
      "provider": "provider.aws",
      "instances": [
        {
          "schema_version": 1,
          "attributes": {
            "fingerprint": "59:62:0f:14:ce:e4:a2:4e:f8:1e:77:55:5d:9f:63:67",
            "id": "instance_pub_key",
            "key_name": "instance_pub_key",
            "key_name_prefix": null,
            "public_key": "ssh-rsa AAAAB3NzaC1yc2EAAAABIwAAAQEAyQwQZAngeH7cTdDDfnO0rosQ0kiLOyAjWuSeyLMZtf1l2zRaVettcjZ3K4rzB88dM2liwtGOPqD/W+bafqjwtL0aDSDzosA5fQ8XPqE6nasxA4q8t6CUcP9r1IgyLiLWZT7R0R5Hd0SdRBrynwq4zmJ/83JsUUI+nuXkUo20DQEtCMyabI5MLicVFHBg3j0Pm+j/JXwSagRnAbBftsOne7B8axLQSlU/R7WXMZxVxzEJMsVqGJA7+GKKpES0cvWvQ9wV3XXsZSBmNM0uYRpa/0v/LQHF3olOTzbXEiWzkhYK0ky5jw0zDrIf88DQGVRke3iailVevVeqyf6vGsiYMw=="
          },
          "private": "eyJzY2hlbWFfdmVyc2lvbiI6IjEifQ=="
        }
      ]
    },
    {
      "module": "module.infra",
      "mode": "managed",
      "type": "aws_security_group",
      "name": "instance",
      "provider": "provider.aws",
      "instances": [
        {
          "schema_version": 1,
          "attributes": {
            "arn": "arn:aws:ec2:eu-west-1:580951440591:security-group/sg-0cef0c0d1260540b3",
            "description": "dev-instance",
            "egress": [
              {
                "cidr_blocks": [
                  "0.0.0.0/0"
                ],
                "description": "",
                "from_port": 0,
                "ipv6_cidr_blocks": [],
                "prefix_list_ids": [],
                "protocol": "tcp",
                "security_groups": [],
                "self": false,
                "to_port": 0
              },
              {
                "cidr_blocks": [
                  "0.0.0.0/0"
                ],
                "description": "",
                "from_port": 0,
                "ipv6_cidr_blocks": [],
                "prefix_list_ids": [],
                "protocol": "tcp",
                "security_groups": [],
                "self": false,
                "to_port": 65535
              }
            ],
            "id": "sg-0cef0c0d1260540b3",
            "ingress": [
              {
                "cidr_blocks": [
                  "0.0.0.0/0"
                ],
                "description": "",
                "from_port": 22,
                "ipv6_cidr_blocks": [],
                "prefix_list_ids": [],
                "protocol": "tcp",
                "security_groups": [],
                "self": false,
                "to_port": 22
              },
              {
                "cidr_blocks": [
                  "0.0.0.0/0"
                ],
                "description": "",
                "from_port": 36666,
                "ipv6_cidr_blocks": [],
                "prefix_list_ids": [],
                "protocol": "tcp",
                "security_groups": [],
                "self": false,
                "to_port": 36666
              }
            ],
            "name": "dev20200124094151380700000001",
            "name_prefix": "dev",
            "owner_id": "580951440591",
            "revoke_rules_on_delete": false,
            "tags": {
              "Name": "dev-instance",
              "terraform": "true"
            },
            "timeouts": null,
            "vpc_id": "vpc-49e3ed2f"
          },
          "private": "eyJlMmJmYjczMC1lY2FhLTExZTYtOGY4OC0zNDM2M2JjN2M0YzAiOnsiY3JlYXRlIjo2MDAwMDAwMDAwMDAsImRlbGV0ZSI6NjAwMDAwMDAwMDAwfSwic2NoZW1hX3ZlcnNpb24iOiIxIn0="
        }
      ]
    },
    {
      "module": "module.infra",
      "mode": "managed",
      "type": "aws_security_group_rule",
      "name": "egress-all",
      "provider": "provider.aws",
      "instances": [
        {
          "schema_version": 2,
          "attributes": {
            "cidr_blocks": [
              "0.0.0.0/0"
            ],
            "description": "",
            "from_port": 0,
            "id": "sgrule-1749814131",
            "ipv6_cidr_blocks": [],
            "prefix_list_ids": [],
            "protocol": "tcp",
            "security_group_id": "sg-0cef0c0d1260540b3",
            "self": false,
            "source_security_group_id": null,
            "to_port": 0,
            "type": "egress"
          },
          "private": "eyJzY2hlbWFfdmVyc2lvbiI6IjIifQ==",
          "dependencies": [
            "module.infra.aws_security_group.instance"
          ]
        }
      ]
    },
    {
      "module": "module.infra",
      "mode": "managed",
      "type": "aws_security_group_rule",
      "name": "ingress-36666",
      "provider": "provider.aws",
      "instances": [
        {
          "schema_version": 2,
          "attributes": {
            "cidr_blocks": [
              "0.0.0.0/0"
            ],
            "description": "",
            "from_port": 36666,
            "id": "sgrule-136046982",
            "ipv6_cidr_blocks": [],
            "prefix_list_ids": [],
            "protocol": "tcp",
            "security_group_id": "sg-0cef0c0d1260540b3",
            "self": false,
            "source_security_group_id": null,
            "to_port": 36666,
            "type": "ingress"
          },
          "private": "eyJzY2hlbWFfdmVyc2lvbiI6IjIifQ==",
          "dependencies": [
            "module.infra.aws_security_group.instance"
          ]
        }
      ]
    },
    {
      "module": "module.infra",
      "mode": "managed",
      "type": "aws_security_group_rule",
      "name": "ingress-ssh",
      "provider": "provider.aws",
      "instances": [
        {
          "schema_version": 2,
          "attributes": {
            "cidr_blocks": [
              "0.0.0.0/0"
            ],
            "description": "",
            "from_port": 22,
            "id": "sgrule-2515734062",
            "ipv6_cidr_blocks": [],
            "prefix_list_ids": [],
            "protocol": "tcp",
            "security_group_id": "sg-0cef0c0d1260540b3",
            "self": false,
            "source_security_group_id": null,
            "to_port": 22,
            "type": "ingress"
          },
          "private": "eyJzY2hlbWFfdmVyc2lvbiI6IjIifQ==",
          "dependencies": [
            "module.infra.aws_security_group.instance"
          ]
        }
      ]
    }
  ]
}
